
Microsoft Visual Studio Solution File, Format Version 12.00
# Visual Studio 15
VisualStudioVersion = 15.0.28307.539
MinimumVisualStudioVersion = 10.0.40219.1
Project("{888888A0-9F3D-457C-B088-3A5042F75D52}") = "playerAIConnect4", "playerAIConnect4\playerAIConnect4.pyproj", "{4A203C0A-8FF0-4F10-A4B5-30888B8E0628}"
EndProject
Global
	GlobalSection(SolutionConfigurationPlatforms) = preSolution
		Debug|Any CPU = Debug|Any CPU
		Release|Any CPU = Release|Any CPU
	EndGlobalSection
	GlobalSection(ProjectConfigurationPlatforms) = postSolution
		{4A203C0A-8FF0-4F10-A4B5-30888B8E0628}.Debug|Any CPU.ActiveCfg = Debug|Any CPU
		{4A203C0A-8FF0-4F10-A4B5-30888B8E0628}.Release|Any CPU.ActiveCfg = Release|Any CPU
	EndGlobalSection
	GlobalSection(SolutionProperties) = preSolution
		HideSolutionNode = FALSE
	EndGlobalSection
	GlobalSection(ExtensibilityGlobals) = postSolution
		SolutionGuid = {59F93A30-F0CD-4990-A2C4-9C8F5FB72966}
	EndGlobalSection
EndGlobal
